
Microsoft Visual Studio Solution File, Format Version 12.00
# Visual Studio Version 17
VisualStudioVersion = 17.9.34310.174
MinimumVisualStudioVersion = 10.0.40219.1
Project("{9A19103F-16F7-4668-BE54-9A1E7A4F7556}") = "List Practice 01", "List Practice 01\List Practice 01.csproj", "{AACF3615-9B4C-447E-AE61-33AF690EB911}"
EndProject
Project("{FAE04EC0-301F-11D3-BF4B-00C04F79EFBC}") = "List Practice 02", "List Practice 02\List Practice 02.csproj", "{7A7D623F-C888-44DC-B9EB-57F780824A72}"
EndProject
Global
	GlobalSection(SolutionConfigurationPlatforms) = preSolution
		Debug|Any CPU = Debug|Any CPU
		Release|Any CPU = Release|Any CPU
	EndGlobalSection
	GlobalSection(ProjectConfigurationPlatforms) = postSolution
		{AACF3615-9B4C-447E-AE61-33AF690EB911}.Debug|Any CPU.ActiveCfg = Debug|Any CPU
		{AACF3615-9B4C-447E-AE61-33AF690EB911}.Debug|Any CPU.Build.0 = Debug|Any CPU
		{AACF3615-9B4C-447E-AE61-33AF690EB911}.Release|Any CPU.ActiveCfg = Release|Any CPU
		{AACF3615-9B4C-447E-AE61-33AF690EB911}.Release|Any CPU.Build.0 = Release|Any CPU
		{7A7D623F-C888-44DC-B9EB-57F780824A72}.Debug|Any CPU.ActiveCfg = Debug|Any CPU
		{7A7D623F-C888-44DC-B9EB-57F780824A72}.Debug|Any CPU.Build.0 = Debug|Any CPU
		{7A7D623F-C888-44DC-B9EB-57F780824A72}.Release|Any CPU.ActiveCfg = Release|Any CPU
		{7A7D623F-C888-44DC-B9EB-57F780824A72}.Release|Any CPU.Build.0 = Release|Any CPU
	EndGlobalSection
	GlobalSection(SolutionProperties) = preSolution
		HideSolutionNode = FALSE
	EndGlobalSection
	GlobalSection(ExtensibilityGlobals) = postSolution
		SolutionGuid = {D17A1A4D-56AC-4FA9-9592-71D7FACC6E95}
	EndGlobalSection
EndGlobal
